
Microsoft Visual Studio Solution File, Format Version 12.00
# Visual Studio 15
VisualStudioVersion = 15.0.27004.2002
MinimumVisualStudioVersion = 10.0.40219.1
Project("{9A19103F-16F7-4668-BE54-9A1E7A4F7556}") = "Razor", "Lesson01\aspnetcoreapp\Razor.csproj", "{5DF870F1-D11D-484B-B692-99E772D332EC}"
EndProject
Project("{FAE04EC0-301F-11D3-BF4B-00C04F79EFBC}") = "React", "React\React.csproj", "{FDB71432-5C34-46BD-BF1E-03D9850C5539}"
EndProject
Project("{E24C65DC-7377-472B-9ABA-BC803B73C61A}") = "hackathon-starter", "..\hackathon\hackathon-starter\", "{F3C16623-FABB-4D0C-A5D2-954F84B34120}"
	ProjectSection(WebsiteProperties) = preProject
		TargetFrameworkMoniker = ".NETFramework,Version%3Dv4.0"
		Debug.AspNetCompiler.VirtualPath = "/localhost_64235"
		Debug.AspNetCompiler.PhysicalPath = "..\hackathon\hackathon-starter\"
		Debug.AspNetCompiler.TargetPath = "PrecompiledWeb\localhost_64235\"
		Debug.AspNetCompiler.Updateable = "true"
		Debug.AspNetCompiler.ForceOverwrite = "true"
		Debug.AspNetCompiler.FixedNames = "false"
		Debug.AspNetCompiler.Debug = "True"
		Release.AspNetCompiler.VirtualPath = "/localhost_64235"
		Release.AspNetCompiler.PhysicalPath = "..\hackathon\hackathon-starter\"
		Release.AspNetCompiler.TargetPath = "PrecompiledWeb\localhost_64235\"
		Release.AspNetCompiler.Updateable = "true"
		Release.AspNetCompiler.ForceOverwrite = "true"
		Release.AspNetCompiler.FixedNames = "false"
		Release.AspNetCompiler.Debug = "False"
		VWDPort = "64235"
		SlnRelativePath = "..\hackathon\hackathon-starter\"
	EndProjectSection
EndProject
Global
	GlobalSection(SolutionConfigurationPlatforms) = preSolution
		Debug|Any CPU = Debug|Any CPU
		Release|Any CPU = Release|Any CPU
	EndGlobalSection
	GlobalSection(ProjectConfigurationPlatforms) = postSolution
		{5DF870F1-D11D-484B-B692-99E772D332EC}.Debug|Any CPU.ActiveCfg = Debug|Any CPU
		{5DF870F1-D11D-484B-B692-99E772D332EC}.Debug|Any CPU.Build.0 = Debug|Any CPU
		{5DF870F1-D11D-484B-B692-99E772D332EC}.Release|Any CPU.ActiveCfg = Release|Any CPU
		{5DF870F1-D11D-484B-B692-99E772D332EC}.Release|Any CPU.Build.0 = Release|Any CPU
		{FDB71432-5C34-46BD-BF1E-03D9850C5539}.Debug|Any CPU.ActiveCfg = Debug|Any CPU
		{FDB71432-5C34-46BD-BF1E-03D9850C5539}.Debug|Any CPU.Build.0 = Debug|Any CPU
		{FDB71432-5C34-46BD-BF1E-03D9850C5539}.Release|Any CPU.ActiveCfg = Release|Any CPU
		{FDB71432-5C34-46BD-BF1E-03D9850C5539}.Release|Any CPU.Build.0 = Release|Any CPU
		{F3C16623-FABB-4D0C-A5D2-954F84B34120}.Debug|Any CPU.ActiveCfg = Debug|Any CPU
		{F3C16623-FABB-4D0C-A5D2-954F84B34120}.Debug|Any CPU.Build.0 = Debug|Any CPU
		{F3C16623-FABB-4D0C-A5D2-954F84B34120}.Release|Any CPU.ActiveCfg = Debug|Any CPU
		{F3C16623-FABB-4D0C-A5D2-954F84B34120}.Release|Any CPU.Build.0 = Debug|Any CPU
	EndGlobalSection
	GlobalSection(SolutionProperties) = preSolution
		HideSolutionNode = FALSE
	EndGlobalSection
	GlobalSection(ExtensibilityGlobals) = postSolution
		SolutionGuid = {E6F3EFA4-5B98-4C26-BC64-31FE5EF3C495}
	EndGlobalSection
EndGlobal
